
Microsoft Visual Studio Solution File, Format Version 12.00
# Visual Studio Version 16
VisualStudioVersion = 16.0.31129.286
MinimumVisualStudioVersion = 10.0.40219.1
Project("{FAE04EC0-301F-11D3-BF4B-00C04F79EFBC}") = "JSONTokenizerProject", "JSONTokenizerProject\JSONTokenizerProject.csproj", "{35DEDC6A-1576-445C-AB28-02F813E3E75E}"
EndProject
Global
	GlobalSection(SolutionConfigurationPlatforms) = preSolution
		Debug|Any CPU = Debug|Any CPU
		Release|Any CPU = Release|Any CPU
	EndGlobalSection
	GlobalSection(ProjectConfigurationPlatforms) = postSolution
		{35DEDC6A-1576-445C-AB28-02F813E3E75E}.Debug|Any CPU.ActiveCfg = Debug|Any CPU
		{35DEDC6A-1576-445C-AB28-02F813E3E75E}.Debug|Any CPU.Build.0 = Debug|Any CPU
		{35DEDC6A-1576-445C-AB28-02F813E3E75E}.Release|Any CPU.ActiveCfg = Release|Any CPU
		{35DEDC6A-1576-445C-AB28-02F813E3E75E}.Release|Any CPU.Build.0 = Release|Any CPU
	EndGlobalSection
	GlobalSection(SolutionProperties) = preSolution
		HideSolutionNode = FALSE
	EndGlobalSection
	GlobalSection(ExtensibilityGlobals) = postSolution
		SolutionGuid = {C4E763F1-32A2-418A-8EAB-CABC4E9C35B6}
	EndGlobalSection
EndGlobal
